
Microsoft Visual Studio Solution File, Format Version 12.00
# Visual Studio Version 17
VisualStudioVersion = 17.4.33213.308
MinimumVisualStudioVersion = 10.0.40219.1
Project("{9A19103F-16F7-4668-BE54-9A1E7A4F7556}") = "Sales2023.API", "Sales2023.API\Sales2023.API.csproj", "{532096A7-323E-4007-BC1A-F8D492ADE1B0}"
EndProject
Project("{9A19103F-16F7-4668-BE54-9A1E7A4F7556}") = "Sales2023.WEB", "Sales2023.WEB\Sales2023.WEB.csproj", "{C6818695-63AF-43BD-9A41-E2E0F14FF268}"
EndProject
Project("{9A19103F-16F7-4668-BE54-9A1E7A4F7556}") = "Sales2023.Mobile", "Sales2023.Mobile\Sales2023.Mobile.csproj", "{CBEB2BD6-C64B-4069-AFE7-77B960203CA2}"
EndProject
Project("{9A19103F-16F7-4668-BE54-9A1E7A4F7556}") = "Sales2023.Shared", "Sales2023.Shared\Sales2023.Shared.csproj", "{D3192A15-7AEB-487C-8653-0BB5A7DC4312}"
EndProject
Global
	GlobalSection(SolutionConfigurationPlatforms) = preSolution
		Debug|Any CPU = Debug|Any CPU
		Release|Any CPU = Release|Any CPU
	EndGlobalSection
	GlobalSection(ProjectConfigurationPlatforms) = postSolution
		{532096A7-323E-4007-BC1A-F8D492ADE1B0}.Debug|Any CPU.ActiveCfg = Debug|Any CPU
		{532096A7-323E-4007-BC1A-F8D492ADE1B0}.Debug|Any CPU.Build.0 = Debug|Any CPU
		{532096A7-323E-4007-BC1A-F8D492ADE1B0}.Release|Any CPU.ActiveCfg = Release|Any CPU
		{532096A7-323E-4007-BC1A-F8D492ADE1B0}.Release|Any CPU.Build.0 = Release|Any CPU
		{C6818695-63AF-43BD-9A41-E2E0F14FF268}.Debug|Any CPU.ActiveCfg = Debug|Any CPU
		{C6818695-63AF-43BD-9A41-E2E0F14FF268}.Debug|Any CPU.Build.0 = Debug|Any CPU
		{C6818695-63AF-43BD-9A41-E2E0F14FF268}.Release|Any CPU.ActiveCfg = Release|Any CPU
		{C6818695-63AF-43BD-9A41-E2E0F14FF268}.Release|Any CPU.Build.0 = Release|Any CPU
		{CBEB2BD6-C64B-4069-AFE7-77B960203CA2}.Debug|Any CPU.ActiveCfg = Debug|Any CPU
		{CBEB2BD6-C64B-4069-AFE7-77B960203CA2}.Debug|Any CPU.Build.0 = Debug|Any CPU
		{CBEB2BD6-C64B-4069-AFE7-77B960203CA2}.Debug|Any CPU.Deploy.0 = Debug|Any CPU
		{CBEB2BD6-C64B-4069-AFE7-77B960203CA2}.Release|Any CPU.ActiveCfg = Release|Any CPU
		{CBEB2BD6-C64B-4069-AFE7-77B960203CA2}.Release|Any CPU.Build.0 = Release|Any CPU
		{CBEB2BD6-C64B-4069-AFE7-77B960203CA2}.Release|Any CPU.Deploy.0 = Release|Any CPU
		{D3192A15-7AEB-487C-8653-0BB5A7DC4312}.Debug|Any CPU.ActiveCfg = Debug|Any CPU
		{D3192A15-7AEB-487C-8653-0BB5A7DC4312}.Debug|Any CPU.Build.0 = Debug|Any CPU
		{D3192A15-7AEB-487C-8653-0BB5A7DC4312}.Release|Any CPU.ActiveCfg = Release|Any CPU
		{D3192A15-7AEB-487C-8653-0BB5A7DC4312}.Release|Any CPU.Build.0 = Release|Any CPU
	EndGlobalSection
	GlobalSection(SolutionProperties) = preSolution
		HideSolutionNode = FALSE
	EndGlobalSection
	GlobalSection(ExtensibilityGlobals) = postSolution
		SolutionGuid = {DD32BB58-857A-4F5C-80BD-42143B4E63D1}
	EndGlobalSection
EndGlobal
