
Microsoft Visual Studio Solution File, Format Version 12.00
# Visual Studio Version 17
VisualStudioVersion = 17.4.33213.308
MinimumVisualStudioVersion = 10.0.40219.1
Project("{FAE04EC0-301F-11D3-BF4B-00C04F79EFBC}") = "Sales2023.Shared", "Sales2023.Shared\Sales2023.Shared.csproj", "{12E31C41-3163-4E02-8A1A-9A76F3BC105B}"
EndProject
Project("{FAE04EC0-301F-11D3-BF4B-00C04F79EFBC}") = "Sales2023.API", "Sales2023.API\Sales2023.API.csproj", "{532096A7-323E-4007-BC1A-F8D492ADE1B0}"
EndProject
Project("{FAE04EC0-301F-11D3-BF4B-00C04F79EFBC}") = "Sales2023.WEB", "Sales2023.WEB\Sales2023.WEB.csproj", "{C6818695-63AF-43BD-9A41-E2E0F14FF268}"
EndProject
Project("{FAE04EC0-301F-11D3-BF4B-00C04F79EFBC}") = "Sales2023.Mobile", "Sales2023.Mobile\Sales2023.Mobile.csproj", "{EBB30107-50DA-4278-AA61-65D9767F30A7}"
EndProject
Global
	GlobalSection(SolutionConfigurationPlatforms) = preSolution
		Debug|Any CPU = Debug|Any CPU
		Release|Any CPU = Release|Any CPU
	EndGlobalSection
	GlobalSection(ProjectConfigurationPlatforms) = postSolution
		{12E31C41-3163-4E02-8A1A-9A76F3BC105B}.Debug|Any CPU.ActiveCfg = Debug|Any CPU
		{12E31C41-3163-4E02-8A1A-9A76F3BC105B}.Debug|Any CPU.Build.0 = Debug|Any CPU
		{12E31C41-3163-4E02-8A1A-9A76F3BC105B}.Release|Any CPU.ActiveCfg = Release|Any CPU
		{12E31C41-3163-4E02-8A1A-9A76F3BC105B}.Release|Any CPU.Build.0 = Release|Any CPU
		{532096A7-323E-4007-BC1A-F8D492ADE1B0}.Debug|Any CPU.ActiveCfg = Debug|Any CPU
		{532096A7-323E-4007-BC1A-F8D492ADE1B0}.Debug|Any CPU.Build.0 = Debug|Any CPU
		{532096A7-323E-4007-BC1A-F8D492ADE1B0}.Release|Any CPU.ActiveCfg = Release|Any CPU
		{532096A7-323E-4007-BC1A-F8D492ADE1B0}.Release|Any CPU.Build.0 = Release|Any CPU
		{C6818695-63AF-43BD-9A41-E2E0F14FF268}.Debug|Any CPU.ActiveCfg = Debug|Any CPU
		{C6818695-63AF-43BD-9A41-E2E0F14FF268}.Debug|Any CPU.Build.0 = Debug|Any CPU
		{C6818695-63AF-43BD-9A41-E2E0F14FF268}.Release|Any CPU.ActiveCfg = Release|Any CPU
		{C6818695-63AF-43BD-9A41-E2E0F14FF268}.Release|Any CPU.Build.0 = Release|Any CPU
		{EBB30107-50DA-4278-AA61-65D9767F30A7}.Debug|Any CPU.ActiveCfg = Debug|Any CPU
		{EBB30107-50DA-4278-AA61-65D9767F30A7}.Debug|Any CPU.Build.0 = Debug|Any CPU
		{EBB30107-50DA-4278-AA61-65D9767F30A7}.Debug|Any CPU.Deploy.0 = Debug|Any CPU
		{EBB30107-50DA-4278-AA61-65D9767F30A7}.Release|Any CPU.ActiveCfg = Release|Any CPU
		{EBB30107-50DA-4278-AA61-65D9767F30A7}.Release|Any CPU.Build.0 = Release|Any CPU
		{EBB30107-50DA-4278-AA61-65D9767F30A7}.Release|Any CPU.Deploy.0 = Release|Any CPU
	EndGlobalSection
	GlobalSection(SolutionProperties) = preSolution
		HideSolutionNode = FALSE
	EndGlobalSection
	GlobalSection(ExtensibilityGlobals) = postSolution
		SolutionGuid = {DD32BB58-857A-4F5C-80BD-42143B4E63D1}
	EndGlobalSection
EndGlobal
